
Microsoft Visual Studio Solution File, Format Version 12.00
# Visual Studio 14
VisualStudioVersion = 14.0.25420.1
MinimumVisualStudioVersion = 10.0.40219.1
Project("{9A19103F-16F7-4668-BE54-9A1E7A4F7556}") = "Sif.NdsProvider", "Sif.NdsProvider\Sif.NdsProvider.csproj", "{F73FF644-B6DA-42F1-8CED-3BE1A90F3BF5}"
EndProject
Project("{FAE04EC0-301F-11D3-BF4B-00C04F79EFBC}") = "Sif.Framework", "sif3-framework-dotnet-master\Code\Sif3Framework\Sif.Framework\Sif.Framework.csproj", "{202E8CB9-9AED-4034-908F-0B3BB04B171A}"
EndProject
Project("{FAE04EC0-301F-11D3-BF4B-00C04F79EFBC}") = "Sif.Specification.DataModel.Us.v3_4", "sif3-framework-dotnet-master\Code\Sif3Specification\Sif.Specification.DataModel.Us.v3_4\Sif.Specification.DataModel.Us.v3_4.csproj", "{34320E96-BC78-4F30-9C7E-FE0F787B4872}"
EndProject
Global
	GlobalSection(SolutionConfigurationPlatforms) = preSolution
		Debug|Any CPU = Debug|Any CPU
		Release|Any CPU = Release|Any CPU
	EndGlobalSection
	GlobalSection(ProjectConfigurationPlatforms) = postSolution
		{F73FF644-B6DA-42F1-8CED-3BE1A90F3BF5}.Debug|Any CPU.ActiveCfg = Debug|Any CPU
		{F73FF644-B6DA-42F1-8CED-3BE1A90F3BF5}.Debug|Any CPU.Build.0 = Debug|Any CPU
		{F73FF644-B6DA-42F1-8CED-3BE1A90F3BF5}.Release|Any CPU.ActiveCfg = Release|Any CPU
		{F73FF644-B6DA-42F1-8CED-3BE1A90F3BF5}.Release|Any CPU.Build.0 = Release|Any CPU
		{202E8CB9-9AED-4034-908F-0B3BB04B171A}.Debug|Any CPU.ActiveCfg = Debug|Any CPU
		{202E8CB9-9AED-4034-908F-0B3BB04B171A}.Debug|Any CPU.Build.0 = Debug|Any CPU
		{202E8CB9-9AED-4034-908F-0B3BB04B171A}.Release|Any CPU.ActiveCfg = Release|Any CPU
		{202E8CB9-9AED-4034-908F-0B3BB04B171A}.Release|Any CPU.Build.0 = Release|Any CPU
		{34320E96-BC78-4F30-9C7E-FE0F787B4872}.Debug|Any CPU.ActiveCfg = Debug|Any CPU
		{34320E96-BC78-4F30-9C7E-FE0F787B4872}.Debug|Any CPU.Build.0 = Debug|Any CPU
		{34320E96-BC78-4F30-9C7E-FE0F787B4872}.Release|Any CPU.ActiveCfg = Release|Any CPU
		{34320E96-BC78-4F30-9C7E-FE0F787B4872}.Release|Any CPU.Build.0 = Release|Any CPU
	EndGlobalSection
	GlobalSection(SolutionProperties) = preSolution
		HideSolutionNode = FALSE
	EndGlobalSection
	GlobalSection(ExtensibilityGlobals) = postSolution
		SolutionGuid = {77F4B339-26F9-4B22-8BC0-62D38ECEDED7}
	EndGlobalSection
EndGlobal
